github.com/cpuguy83/go-md2man/v2 v2.0.2 h1:p1EgwI/C7NhT0JmVkwCD2ZBK8j4aeHQX2pMHHBfMQ6w=
github.com/cpuguy83/go-md2man/v2 v2.0.2/go.mod h1:tgQtvFlXSQOSOSIRvRPT7W67SCa46tRHOmNcaadrF8o=
github.com/russross/blackfriday/v2 v2.1.0 h1:JIOH55/0cWyOuilr9/qlrm0BSXldqnqwMsf35Ld67mk=
github.com/russross/blackfriday/v2 v2.1.0/go.mod h1:+Rmxgy9KzJVeS9/2gXHxylqXiyQDYRxCVz55jmeOWTM=
github.com/talwat/gobar v1.0.2 h1:Uso3J+DmMrOnvbRKlY7tyynhFu1eOOIfFmc4TNfqWJs=
github.com/talwat/gobar v1.0.2/go.mod h1:q0DIOURCR185OU2xwxTnee7KQehke7Sz58q6dhGNamo=
github.com/urfave/cli/v2 v2.24.3 h1:7Q1w8VN8yE0MJEHP06bv89PjYsN4IHWED2s1v/Zlfm0=
github.com/urfave/cli/v2 v2.24.3/go.mod h1:GHupkWPMM0M/sj1a2b4wUrWBPzazNrIjouW6fmdJLxc=
github.com/xrash/smetrics v0.0.0-20201216005158-039620a65673 h1:bAn7/zixMGCfxrRTfdpNzjtPYqr8smhKouy9mxVdGPU=
github.com/xrash/smetrics v0.0.0-20201216005158-039620a65673/go.mod h1:N3UwUGtsrSj3ccvlPHLoLsHnpR27oXr4ZE984MbSER8=
golang.org/x/sys v0.6.0 h1:MVltZSvRTcU2ljQOhs94SXPftV6DCNnZViHeQps87pQ=
golang.org/x/sys v0.6.0/go.mod h1:oPkhp1MJrh7nUepCBck5+mAzfO9JrbApNNgaTdGDITg=
golang.org/x/term v0.6.0 h1:clScbb1cHjoCkyRbWwBEUZ5H/tIFu5TAXIqaZD0Gcjw=
golang.org/x/term v0.6.0/go.mod h1:m6U89DPEgQRMq3DNkDClhWw02AUbt2daBVO4cn4Hv9U=
